<?xml version="1.0" encoding="utf-8"?>
<Project ToolsVersion="4.0" xmlns="http://schemas.microsoft.com/developer/msbuild/2003">
  <ItemGroup>
    <Filter Include="main">
      <UniqueIdentifier>{93995380-89BD-4b04-88EB-625FBE52EBFB}</UniqueIdentifier>
      <Extensions>h;hh;hpp;hxx;hm;inl;inc;xsd</Extensions>
    </Filter>
    <Filter Include="include">
      <UniqueIdentifier>{67DA6AB6-F800-4c08-8B7A-83BB121AAD01}</UniqueIdentifier>
      <Extensions>rc;ico;cur;bmp;dlg;rc2;rct;bin;rgs;gif;jpg;jpeg;jpe;resx;tiff;tif;png;wav;mfcribbon-ms</Extensions>
    </Filter>
    <Filter Include="manager">
      <UniqueIdentifier>{4FC737F1-C7A5-4376-A066-2A32D752A2FF}</UniqueIdentifier>
      <Extensions>cpp;c;cc;cxx;def;odl;idl;hpj;bat;asm;asmx</Extensions>
    </Filter>
    <Filter Include="object">
      <UniqueIdentifier>{f53567ce-2436-4e84-91a8-a2984fc2ca7e}</UniqueIdentifier>
    </Filter>
    <Filter Include="object\map">
      <UniqueIdentifier>{07781002-e343-4ba3-8b84-c01542b35be8}</UniqueIdentifier>
    </Filter>
    <Filter Include="object\player">
      <UniqueIdentifier>{d77b5e79-ce1b-498f-81a6-36a982942d5e}</UniqueIdentifier>
    </Filter>
    <Filter Include="object\bomb">
      <UniqueIdentifier>{618b85e8-5d8a-427a-91ee-d23dceafcb0e}</UniqueIdentifier>
    </Filter>
    <Filter Include="object\item">
      <UniqueIdentifier>{e6cd5473-bd7e-45f5-95dc-9a307682c65c}</UniqueIdentifier>
    </Filter>
    <Filter Include="manager\collision">
      <UniqueIdentifier>{322b3c06-21a3-4a26-ba07-a176a0733ea6}</UniqueIdentifier>
    </Filter>
    <Filter Include="manager\debug">
      <UniqueIdentifier>{56ff6a08-0166-498a-8316-bd1fbdf7eff7}</UniqueIdentifier>
    </Filter>
    <Filter Include="manager\file">
      <UniqueIdentifier>{1fb468cf-ab9b-417c-be1c-20405a495754}</UniqueIdentifier>
    </Filter>
    <Filter Include="manager\game">
      <UniqueIdentifier>{9cef93dc-eba4-465e-82b1-756e80f6a311}</UniqueIdentifier>
    </Filter>
    <Filter Include="manager\time">
      <UniqueIdentifier>{a9479268-e391-480f-ba35-4c2b76db97c5}</UniqueIdentifier>
    </Filter>
    <Filter Include="manager\user_input">
      <UniqueIdentifier>{dd352c83-80c4-4a66-a421-f40333f61598}</UniqueIdentifier>
    </Filter>
    <Filter Include="object\item\wall_push">
      <UniqueIdentifier>{37812972-607c-4bb8-a074-21e202eaff26}</UniqueIdentifier>
    </Filter>
    <Filter Include="object\item\transparency">
      <UniqueIdentifier>{f8f87635-3485-4c8b-9912-03c7e7430507}</UniqueIdentifier>
    </Filter>
    <Filter Include="object\item\power">
      <UniqueIdentifier>{720bda8d-e825-42d4-91bd-2b9db2c234cb}</UniqueIdentifier>
    </Filter>
    <Filter Include="manager\random">
      <UniqueIdentifier>{e4eb88ee-e1e6-47dc-80ce-0b13684bf5b1}</UniqueIdentifier>
    </Filter>
    <Filter Include="manager\effect">
      <UniqueIdentifier>{4e1efa08-c909-4d54-9075-39f2604f095f}</UniqueIdentifier>
    </Filter>
    <Filter Include="object\effect">
      <UniqueIdentifier>{d3b14ec6-b864-48d5-a30f-179e0e9018c2}</UniqueIdentifier>
    </Filter>
    <Filter Include="object\effect\explosion">
      <UniqueIdentifier>{abbc8bde-5074-400c-b542-70670cbd16f5}</UniqueIdentifier>
    </Filter>
    <Filter Include="include\common">
      <UniqueIdentifier>{89c83400-2b63-4ecf-9b7d-5d583c2fa205}</UniqueIdentifier>
    </Filter>
  </ItemGroup>
  <ItemGroup>
    <ClCompile Include="source\main.cpp">
      <Filter>main</Filter>
    </ClCompile>
    <ClCompile Include="source\object\object_base.cpp">
      <Filter>object</Filter>
    </ClCompile>
    <ClCompile Include="source\object\map.cpp">
      <Filter>object\map</Filter>
    </ClCompile>
    <ClCompile Include="source\object\player.cpp">
      <Filter>object\player</Filter>
    </ClCompile>
    <ClCompile Include="source\manager\collision_manager.cpp">
      <Filter>manager\collision</Filter>
    </ClCompile>
    <ClCompile Include="source\manager\debug_manager.cpp">
      <Filter>manager\debug</Filter>
    </ClCompile>
    <ClCompile Include="source\manager\file_manager.cpp">
      <Filter>manager\file</Filter>
    </ClCompile>
    <ClCompile Include="source\manager\game_manager.cpp">
      <Filter>manager\game</Filter>
    </ClCompile>
    <ClCompile Include="source\manager\time_manager.cpp">
      <Filter>manager\time</Filter>
    </ClCompile>
    <ClCompile Include="source\manager\user_input_manager.cpp">
      <Filter>manager\user_input</Filter>
    </ClCompile>
    <ClCompile Include="source\object\bomb.cpp">
      <Filter>object\bomb</Filter>
    </ClCompile>
    <ClCompile Include="source\object\item\item_base.cpp">
      <Filter>object\item</Filter>
    </ClCompile>
    <ClCompile Include="source\object\item\wall_push.cpp">
      <Filter>object\item\wall_push</Filter>
    </ClCompile>
    <ClCompile Include="source\object\item\transparency.cpp">
      <Filter>object\item\transparency</Filter>
    </ClCompile>
    <ClCompile Include="source\object\item\power.cpp">
      <Filter>object\item\power</Filter>
    </ClCompile>
    <ClCompile Include="source\manager\random_manager.cpp">
      <Filter>manager\random</Filter>
    </ClCompile>
    <ClCompile Include="source\manager\effect_manager.cpp">
      <Filter>manager\effect</Filter>
    </ClCompile>
    <ClCompile Include="source\object\effect\exlposion.cpp">
      <Filter>object\effect\explosion</Filter>
    </ClCompile>
    <ClCompile Include="source\object\effect\effect_base.cpp">
      <Filter>object\effect</Filter>
    </ClCompile>
    <ClCompile Include="source\include\common\cmn_function.cpp">
      <Filter>include\common</Filter>
    </ClCompile>
  </ItemGroup>
  <ItemGroup>
    <ClInclude Include="source\object\object_base.h">
      <Filter>object</Filter>
    </ClInclude>
    <ClInclude Include="source\object\map.h">
      <Filter>object\map</Filter>
    </ClInclude>
    <ClInclude Include="source\object\player.h">
      <Filter>object\player</Filter>
    </ClInclude>
    <ClInclude Include="source\manager\collision_manager.h">
      <Filter>manager\collision</Filter>
    </ClInclude>
    <ClInclude Include="source\manager\debug_manager.h">
      <Filter>manager\debug</Filter>
    </ClInclude>
    <ClInclude Include="source\manager\file_manager.h">
      <Filter>manager\file</Filter>
    </ClInclude>
    <ClInclude Include="source\manager\game_manager.h">
      <Filter>manager\game</Filter>
    </ClInclude>
    <ClInclude Include="source\manager\time_manager.h">
      <Filter>manager\time</Filter>
    </ClInclude>
    <ClInclude Include="source\manager\user_input_manager.h">
      <Filter>manager\user_input</Filter>
    </ClInclude>
    <ClInclude Include="source\object\bomb.h">
      <Filter>object\bomb</Filter>
    </ClInclude>
    <ClInclude Include="source\object\item\wall_push.h">
      <Filter>object\item\wall_push</Filter>
    </ClInclude>
    <ClInclude Include="source\object\item\item_base.h">
      <Filter>object\item</Filter>
    </ClInclude>
    <ClInclude Include="source\object\item\transparency.h">
      <Filter>object\item\transparency</Filter>
    </ClInclude>
    <ClInclude Include="source\object\item\power.h">
      <Filter>object\item\power</Filter>
    </ClInclude>
    <ClInclude Include="source\manager\random_manager.h">
      <Filter>manager\random</Filter>
    </ClInclude>
    <ClInclude Include="source\manager\effect_manager.h">
      <Filter>manager\effect</Filter>
    </ClInclude>
    <ClInclude Include="source\object\effect\exlposion.h">
      <Filter>object\effect\explosion</Filter>
    </ClInclude>
    <ClInclude Include="source\object\effect\effect_base.h">
      <Filter>object\effect</Filter>
    </ClInclude>
    <ClInclude Include="source\include\common\cmn_function.h">
      <Filter>include\common</Filter>
    </ClInclude>
    <ClInclude Include="source\include\common\cmn_header.h">
      <Filter>include\common</Filter>
    </ClInclude>
    <ClInclude Include="source\include\common\cmn_type.h">
      <Filter>include\common</Filter>
    </ClInclude>
    <ClInclude Include="source\include\global_data.h">
      <Filter>include</Filter>
    </ClInclude>
  </ItemGroup>
</Project>